uuid: f7405bf9-ece1-481c-99c5-d5d733421392
langcode: en
status: true
dependencies:
  module:
    - campaign_pages
  theme:
    - tieto_admin
id: burgerblock
theme: tieto_admin
region: pre_content
weight: 0
provider: null
plugin: burger_block
settings:
  id: burger_block
  label: 'Burger block'
  provider: campaign_pages
  label_display: '0'
visibility: {  }
